// !$*UTF8*$!
{
	archiveVersion = 1;
	classes = {
	};
	objectVersion = 55;
	objects = {

/* Begin PBXBuildFile section */
		6F66BB6C285F4659003CACDC /* Preview Assets.xcassets in Resources */ = {isa = PBXBuildFile; fileRef = 6F66BB5E285F4659003CACDC /* Preview Assets.xcassets */; };
		6F66BB6D285F4659003CACDC /* NotificationManager.swift in Sources */ = {isa = PBXBuildFile; fileRef = 6F66BB5F285F4659003CACDC /* NotificationManager.swift */; };
		6F66BB6E285F4659003CACDC /* Assets.xcassets in Resources */ = {isa = PBXBuildFile; fileRef = 6F66BB60285F4659003CACDC /* Assets.xcassets */; };
		6F66BB6F285F4659003CACDC /* TimerView.swift in Sources */ = {isa = PBXBuildFile; fileRef = 6F66BB62285F4659003CACDC /* TimerView.swift */; };
		6F66BB70285F4659003CACDC /* StartTimerView.swift in Sources */ = {isa = PBXBuildFile; fileRef = 6F66BB63285F4659003CACDC /* StartTimerView.swift */; };
		6F66BB71285F4659003CACDC /* MainView.swift in Sources */ = {isa = PBXBuildFile; fileRef = 6F66BB64285F4659003CACDC /* MainView.swift */; };
		6F66BB72285F4659003CACDC /* TimerType.swift in Sources */ = {isa = PBXBuildFile; fileRef = 6F66BB67285F4659003CACDC /* TimerType.swift */; };
		6F66BB73285F4659003CACDC /* TimerViewModel.swift in Sources */ = {isa = PBXBuildFile; fileRef = 6F66BB69285F4659003CACDC /* TimerViewModel.swift */; };
		6F66BB75285F4659003CACDC /* PomodoroTimerApp.swift in Sources */ = {isa = PBXBuildFile; fileRef = 6F66BB6B285F4659003CACDC /* PomodoroTimerApp.swift */; };
/* End PBXBuildFile section */

/* Begin PBXFileReference section */
		6F66BB5E285F4659003CACDC /* Preview Assets.xcassets */ = {isa = PBXFileReference; lastKnownFileType = folder.assetcatalog; path = "Preview Assets.xcassets"; sourceTree = "<group>"; };
		6F66BB5F285F4659003CACDC /* NotificationManager.swift */ = {isa = PBXFileReference; fileEncoding = 4; lastKnownFileType = sourcecode.swift; name = NotificationManager.swift; path = PomodoroTimer/NotificationManager.swift; sourceTree = "<group>"; };
		6F66BB60285F4659003CACDC /* Assets.xcassets */ = {isa = PBXFileReference; lastKnownFileType = folder.assetcatalog; name = Assets.xcassets; path = PomodoroTimer/Assets.xcassets; sourceTree = "<group>"; };
		6F66BB62285F4659003CACDC /* TimerView.swift */ = {isa = PBXFileReference; fileEncoding = 4; lastKnownFileType = sourcecode.swift; path = TimerView.swift; sourceTree = "<group>"; };
		6F66BB63285F4659003CACDC /* StartTimerView.swift */ = {isa = PBXFileReference; fileEncoding = 4; lastKnownFileType = sourcecode.swift; path = StartTimerView.swift; sourceTree = "<group>"; };
		6F66BB64285F4659003CACDC /* MainView.swift */ = {isa = PBXFileReference; fileEncoding = 4; lastKnownFileType = sourcecode.swift; path = MainView.swift; sourceTree = "<group>"; };
		6F66BB65285F4659003CACDC /* PomodoroTimer.entitlements */ = {isa = PBXFileReference; fileEncoding = 4; lastKnownFileType = text.plist.entitlements; name = PomodoroTimer.entitlements; path = PomodoroTimer/PomodoroTimer.entitlements; sourceTree = "<group>"; };
		6F66BB67285F4659003CACDC /* TimerType.swift */ = {isa = PBXFileReference; fileEncoding = 4; lastKnownFileType = sourcecode.swift; path = TimerType.swift; sourceTree = "<group>"; };
		6F66BB69285F4659003CACDC /* TimerViewModel.swift */ = {isa = PBXFileReference; fileEncoding = 4; lastKnownFileType = sourcecode.swift; path = TimerViewModel.swift; sourceTree = "<group>"; };
		6F66BB6A285F4659003CACDC /* Info.plist */ = {isa = PBXFileReference; fileEncoding = 4; lastKnownFileType = text.plist.xml; name = Info.plist; path = PomodoroTimer/Info.plist; sourceTree = "<group>"; };
		6F66BB6B285F4659003CACDC /* PomodoroTimerApp.swift */ = {isa = PBXFileReference; fileEncoding = 4; lastKnownFileType = sourcecode.swift; name = PomodoroTimerApp.swift; path = PomodoroTimer/PomodoroTimerApp.swift; sourceTree = "<group>"; };
		6FB795F52851F306008891A8 /* PomodoroTimer.app */ = {isa = PBXFileReference; explicitFileType = wrapper.application; includeInIndex = 0; path = PomodoroTimer.app; sourceTree = BUILT_PRODUCTS_DIR; };
/* End PBXFileReference section */

/* Begin PBXFrameworksBuildPhase section */
		6FB795F22851F306008891A8 /* Frameworks */ = {
			isa = PBXFrameworksBuildPhase;
			buildActionMask = 2147483647;
			files = (
			);
			runOnlyForDeploymentPostprocessing = 0;
		};
/* End PBXFrameworksBuildPhase section */

/* Begin PBXGroup section */
		6F66BB5C285F4651003CACDC /* PomodoroTimer */ = {
			isa = PBXGroup;
			children = (
				6F66BB60285F4659003CACDC /* Assets.xcassets */,
				6F66BB66285F4659003CACDC /* Enums */,
				6F66BB6A285F4659003CACDC /* Info.plist */,
				6F66BB5F285F4659003CACDC /* NotificationManager.swift */,
				6F66BB65285F4659003CACDC /* PomodoroTimer.entitlements */,
				6F66BB6B285F4659003CACDC /* PomodoroTimerApp.swift */,
				6F66BB5D285F4659003CACDC /* Preview Content */,
				6F66BB68285F4659003CACDC /* View Models */,
				6F66BB61285F4659003CACDC /* Views */,
			);
			name = PomodoroTimer;
			sourceTree = "<group>";
		};
		6F66BB5D285F4659003CACDC /* Preview Content */ = {
			isa = PBXGroup;
			children = (
				6F66BB5E285F4659003CACDC /* Preview Assets.xcassets */,
			);
			name = "Preview Content";
			path = "PomodoroTimer/Preview Content";
			sourceTree = "<group>";
		};
		6F66BB61285F4659003CACDC /* Views */ = {
			isa = PBXGroup;
			children = (
				6F66BB62285F4659003CACDC /* TimerView.swift */,
				6F66BB63285F4659003CACDC /* StartTimerView.swift */,
				6F66BB64285F4659003CACDC /* MainView.swift */,
			);
			name = Views;
			path = PomodoroTimer/Views;
			sourceTree = "<group>";
		};
		6F66BB66285F4659003CACDC /* Enums */ = {
			isa = PBXGroup;
			children = (
				6F66BB67285F4659003CACDC /* TimerType.swift */,
			);
			name = Enums;
			path = PomodoroTimer/Enums;
			sourceTree = "<group>";
		};
		6F66BB68285F4659003CACDC /* View Models */ = {
			isa = PBXGroup;
			children = (
				6F66BB69285F4659003CACDC /* TimerViewModel.swift */,
			);
			name = "View Models";
			path = "PomodoroTimer/View Models";
			sourceTree = "<group>";
		};
		6FB795EC2851F306008891A8 = {
			isa = PBXGroup;
			children = (
				6F66BB5C285F4651003CACDC /* PomodoroTimer */,
				6FB795F62851F306008891A8 /* Products */,
			);
			sourceTree = "<group>";
		};
		6FB795F62851F306008891A8 /* Products */ = {
			isa = PBXGroup;
			children = (
				6FB795F52851F306008891A8 /* PomodoroTimer.app */,
			);
			name = Products;
			sourceTree = "<group>";
		};
/* End PBXGroup section */

/* Begin PBXNativeTarget section */
		6FB795F42851F306008891A8 /* PomodoroTimer */ = {
			isa = PBXNativeTarget;
			buildConfigurationList = 6FB796042851F306008891A8 /* Build configuration list for PBXNativeTarget "PomodoroTimer" */;
			buildPhases = (
				6FB795F12851F306008891A8 /* Sources */,
				6FB795F22851F306008891A8 /* Frameworks */,
				6FB795F32851F306008891A8 /* Resources */,
			);
			buildRules = (
			);
			dependencies = (
			);
			name = PomodoroTimer;
			productName = PomidorTimer;
			productReference = 6FB795F52851F306008891A8 /* PomodoroTimer.app */;
			productType = "com.apple.product-type.application";
		};
/* End PBXNativeTarget section */

/* Begin PBXProject section */
		6FB795ED2851F306008891A8 /* Project object */ = {
			isa = PBXProject;
			attributes = {
				BuildIndependentTargetsInParallel = 1;
				LastSwiftUpdateCheck = 1320;
				LastUpgradeCheck = 1320;
				TargetAttributes = {
					6FB795F42851F306008891A8 = {
						CreatedOnToolsVersion = 13.2.1;
					};
				};
			};
			buildConfigurationList = 6FB795F02851F306008891A8 /* Build configuration list for PBXProject "PomodoroTimer" */;
			compatibilityVersion = "Xcode 13.0";
			developmentRegion = en;
			hasScannedForEncodings = 0;
			knownRegions = (
				en,
				Base,
			);
			mainGroup = 6FB795EC2851F306008891A8;
			productRefGroup = 6FB795F62851F306008891A8 /* Products */;
			projectDirPath = "";
			projectRoot = "";
			targets = (
				6FB795F42851F306008891A8 /* PomodoroTimer */,
			);
		};
/* End PBXProject section */

/* Begin PBXResourcesBuildPhase section */
		6FB795F32851F306008891A8 /* Resources */ = {
			isa = PBXResourcesBuildPhase;
			buildActionMask = 2147483647;
			files = (
				6F66BB6E285F4659003CACDC /* Assets.xcassets in Resources */,
				6F66BB6C285F4659003CACDC /* Preview Assets.xcassets in Resources */,
			);
			runOnlyForDeploymentPostprocessing = 0;
		};
/* End PBXResourcesBuildPhase section */

/* Begin PBXSourcesBuildPhase section */
		6FB795F12851F306008891A8 /* Sources */ = {
			isa = PBXSourcesBuildPhase;
			buildActionMask = 2147483647;
			files = (
				6F66BB70285F4659003CACDC /* StartTimerView.swift in Sources */,
				6F66BB71285F4659003CACDC /* MainView.swift in Sources */,
				6F66BB72285F4659003CACDC /* TimerType.swift in Sources */,
				6F66BB75285F4659003CACDC /* PomodoroTimerApp.swift in Sources */,
				6F66BB6F285F4659003CACDC /* TimerView.swift in Sources */,
				6F66BB73285F4659003CACDC /* TimerViewModel.swift in Sources */,
				6F66BB6D285F4659003CACDC /* NotificationManager.swift in Sources */,
			);
			runOnlyForDeploymentPostprocessing = 0;
		};
/* End PBXSourcesBuildPhase section */

/* Begin XCBuildConfiguration section */
		6FB796022851F306008891A8 /* Debug */ = {
			isa = XCBuildConfiguration;
			buildSettings = {
				ALWAYS_SEARCH_USER_PATHS = NO;
				CLANG_ANALYZER_NONNULL = YES;
				CLANG_ANALYZER_NUMBER_OBJECT_CONVERSION = YES_AGGRESSIVE;
				CLANG_CXX_LANGUAGE_STANDARD = "gnu++17";
				CLANG_CXX_LIBRARY = "libc++";
				CLANG_ENABLE_MODULES = YES;
				CLANG_ENABLE_OBJC_ARC = YES;
				CLANG_ENABLE_OBJC_WEAK = YES;
				CLANG_WARN_BLOCK_CAPTURE_AUTORELEASING = YES;
				CLANG_WARN_BOOL_CONVERSION = YES;
				CLANG_WARN_COMMA = YES;
				CLANG_WARN_CONSTANT_CONVERSION = YES;
				CLANG_WARN_DEPRECATED_OBJC_IMPLEMENTATIONS = YES;
				CLANG_WARN_DIRECT_OBJC_ISA_USAGE = YES_ERROR;
				CLANG_WARN_DOCUMENTATION_COMMENTS = YES;
				CLANG_WARN_EMPTY_BODY = YES;
				CLANG_WARN_ENUM_CONVERSION = YES;
				CLANG_WARN_INFINITE_RECURSION = YES;
				CLANG_WARN_INT_CONVERSION = YES;
				CLANG_WARN_NON_LITERAL_NULL_CONVERSION = YES;
				CLANG_WARN_OBJC_IMPLICIT_RETAIN_SELF = YES;
				CLANG_WARN_OBJC_LITERAL_CONVERSION = YES;
				CLANG_WARN_OBJC_ROOT_CLASS = YES_ERROR;
				CLANG_WARN_QUOTED_INCLUDE_IN_FRAMEWORK_HEADER = YES;
				CLANG_WARN_RANGE_LOOP_ANALYSIS = YES;
				CLANG_WARN_STRICT_PROTOTYPES = YES;
				CLANG_WARN_SUSPICIOUS_MOVE = YES;
				CLANG_WARN_UNGUARDED_AVAILABILITY = YES_AGGRESSIVE;
				CLANG_WARN_UNREACHABLE_CODE = YES;
				CLANG_WARN__DUPLICATE_METHOD_MATCH = YES;
				COPY_PHASE_STRIP = NO;
				DEBUG_INFORMATION_FORMAT = dwarf;
				ENABLE_STRICT_OBJC_MSGSEND = YES;
				ENABLE_TESTABILITY = YES;
				GCC_C_LANGUAGE_STANDARD = gnu11;
				GCC_DYNAMIC_NO_PIC = NO;
				GCC_NO_COMMON_BLOCKS = YES;
				GCC_OPTIMIZATION_LEVEL = 0;
				GCC_PREPROCESSOR_DEFINITIONS = (
					"DEBUG=1",
					"$(inherited)",
				);
				GCC_WARN_64_TO_32_BIT_CONVERSION = YES;
				GCC_WARN_ABOUT_RETURN_TYPE = YES_ERROR;
				GCC_WARN_UNDECLARED_SELECTOR = YES;
				GCC_WARN_UNINITIALIZED_AUTOS = YES_AGGRESSIVE;
				GCC_WARN_UNUSED_FUNCTION = YES;
				GCC_WARN_UNUSED_VARIABLE = YES;
				MACOSX_DEPLOYMENT_TARGET = 12.1;
				MTL_ENABLE_DEBUG_INFO = INCLUDE_SOURCE;
				MTL_FAST_MATH = YES;
				ONLY_ACTIVE_ARCH = YES;
				SDKROOT = macosx;
				SWIFT_ACTIVE_COMPILATION_CONDITIONS = DEBUG;
				SWIFT_OPTIMIZATION_LEVEL = "-Onone";
			};
			name = Debug;
		};
		6FB796032851F306008891A8 /* Release */ = {
			isa = XCBuildConfiguration;
			buildSettings = {
				ALWAYS_SEARCH_USER_PATHS = NO;
				CLANG_ANALYZER_NONNULL = YES;
				CLANG_ANALYZER_NUMBER_OBJECT_CONVERSION = YES_AGGRESSIVE;
				CLANG_CXX_LANGUAGE_STANDARD = "gnu++17";
				CLANG_CXX_LIBRARY = "libc++";
				CLANG_ENABLE_MODULES = YES;
				CLANG_ENABLE_OBJC_ARC = YES;
				CLANG_ENABLE_OBJC_WEAK = YES;
				CLANG_WARN_BLOCK_CAPTURE_AUTORELEASING = YES;
				CLANG_WARN_BOOL_CONVERSION = YES;
				CLANG_WARN_COMMA = YES;
				CLANG_WARN_CONSTANT_CONVERSION = YES;
				CLANG_WARN_DEPRECATED_OBJC_IMPLEMENTATIONS = YES;
				CLANG_WARN_DIRECT_OBJC_ISA_USAGE = YES_ERROR;
				CLANG_WARN_DOCUMENTATION_COMMENTS = YES;
				CLANG_WARN_EMPTY_BODY = YES;
				CLANG_WARN_ENUM_CONVERSION = YES;
				CLANG_WARN_INFINITE_RECURSION = YES;
				CLANG_WARN_INT_CONVERSION = YES;
				CLANG_WARN_NON_LITERAL_NULL_CONVERSION = YES;
				CLANG_WARN_OBJC_IMPLICIT_RETAIN_SELF = YES;
				CLANG_WARN_OBJC_LITERAL_CONVERSION = YES;
				CLANG_WARN_OBJC_ROOT_CLASS = YES_ERROR;
				CLANG_WARN_QUOTED_INCLUDE_IN_FRAMEWORK_HEADER = YES;
				CLANG_WARN_RANGE_LOOP_ANALYSIS = YES;
				CLANG_WARN_STRICT_PROTOTYPES = YES;
				CLANG_WARN_SUSPICIOUS_MOVE = YES;
				CLANG_WARN_UNGUARDED_AVAILABILITY = YES_AGGRESSIVE;
				CLANG_WARN_UNREACHABLE_CODE = YES;
				CLANG_WARN__DUPLICATE_METHOD_MATCH = YES;
				COPY_PHASE_STRIP = NO;
				DEBUG_INFORMATION_FORMAT = "dwarf-with-dsym";
				ENABLE_NS_ASSERTIONS = NO;
				ENABLE_STRICT_OBJC_MSGSEND = YES;
				GCC_C_LANGUAGE_STANDARD = gnu11;
				GCC_NO_COMMON_BLOCKS = YES;
				GCC_WARN_64_TO_32_BIT_CONVERSION = YES;
				GCC_WARN_ABOUT_RETURN_TYPE = YES_ERROR;
				GCC_WARN_UNDECLARED_SELECTOR = YES;
				GCC_WARN_UNINITIALIZED_AUTOS = YES_AGGRESSIVE;
				GCC_WARN_UNUSED_FUNCTION = YES;
				GCC_WARN_UNUSED_VARIABLE = YES;
				MACOSX_DEPLOYMENT_TARGET = 12.1;
				MTL_ENABLE_DEBUG_INFO = NO;
				MTL_FAST_MATH = YES;
				SDKROOT = macosx;
				SWIFT_COMPILATION_MODE = wholemodule;
				SWIFT_OPTIMIZATION_LEVEL = "-O";
			};
			name = Release;
		};
		6FB796052851F306008891A8 /* Debug */ = {
			isa = XCBuildConfiguration;
			buildSettings = {
				ASSETCATALOG_COMPILER_APPICON_NAME = AppIcon;
				ASSETCATALOG_COMPILER_GLOBAL_ACCENT_COLOR_NAME = AccentColor;
				CODE_SIGN_ENTITLEMENTS = PomodoroTimer/PomodoroTimer.entitlements;
				CODE_SIGN_IDENTITY = "Apple Development";
				CODE_SIGN_STYLE = Automatic;
				COMBINE_HIDPI_IMAGES = YES;
				CURRENT_PROJECT_VERSION = 1;
				DEVELOPMENT_ASSET_PATHS = "\"PomodoroTimer/Preview Content\"";
				DEVELOPMENT_TEAM = 628BB54ZJN;
				ENABLE_HARDENED_RUNTIME = YES;
				ENABLE_PREVIEWS = YES;
				GENERATE_INFOPLIST_FILE = YES;
				INFOPLIST_FILE = PomodoroTimer/Info.plist;
				INFOPLIST_KEY_NSHumanReadableCopyright = "";
				LD_RUNPATH_SEARCH_PATHS = (
					"$(inherited)",
					"@executable_path/../Frameworks",
				);
				MARKETING_VERSION = 1.0;
				PRODUCT_BUNDLE_IDENTIFIER = com.katsushooter.PomodoroTimer;
				PRODUCT_NAME = "$(TARGET_NAME)";
				SWIFT_EMIT_LOC_STRINGS = YES;
				SWIFT_VERSION = 5.0;
			};
			name = Debug;
		};
		6FB796062851F306008891A8 /* Release */ = {
			isa = XCBuildConfiguration;
			buildSettings = {
				ASSETCATALOG_COMPILER_APPICON_NAME = AppIcon;
				ASSETCATALOG_COMPILER_GLOBAL_ACCENT_COLOR_NAME = AccentColor;
				CODE_SIGN_ENTITLEMENTS = PomodoroTimer/PomodoroTimer.entitlements;
				CODE_SIGN_IDENTITY = "Apple Development";
				CODE_SIGN_STYLE = Automatic;
				COMBINE_HIDPI_IMAGES = YES;
				CURRENT_PROJECT_VERSION = 1;
				DEVELOPMENT_ASSET_PATHS = "\"PomodoroTimer/Preview Content\"";
				DEVELOPMENT_TEAM = 628BB54ZJN;
				ENABLE_HARDENED_RUNTIME = YES;
				ENABLE_PREVIEWS = YES;
				GENERATE_INFOPLIST_FILE = YES;
				INFOPLIST_FILE = PomodoroTimer/Info.plist;
				INFOPLIST_KEY_NSHumanReadableCopyright = "";
				LD_RUNPATH_SEARCH_PATHS = (
					"$(inherited)",
					"@executable_path/../Frameworks",
				);
				MARKETING_VERSION = 1.0;
				PRODUCT_BUNDLE_IDENTIFIER = com.katsushooter.PomodoroTimer;
				PRODUCT_NAME = "$(TARGET_NAME)";
				SWIFT_EMIT_LOC_STRINGS = YES;
				SWIFT_VERSION = 5.0;
			};
			name = Release;
		};
/* End XCBuildConfiguration section */

/* Begin XCConfigurationList section */
		6FB795F02851F306008891A8 /* Build configuration list for PBXProject "PomodoroTimer" */ = {
			isa = XCConfigurationList;
			buildConfigurations = (
				6FB796022851F306008891A8 /* Debug */,
				6FB796032851F306008891A8 /* Release */,
			);
			defaultConfigurationIsVisible = 0;
			defaultConfigurationName = Release;
		};
		6FB796042851F306008891A8 /* Build configuration list for PBXNativeTarget "PomodoroTimer" */ = {
			isa = XCConfigurationList;
			buildConfigurations = (
				6FB796052851F306008891A8 /* Debug */,
				6FB796062851F306008891A8 /* Release */,
			);
			defaultConfigurationIsVisible = 0;
			defaultConfigurationName = Release;
		};
/* End XCConfigurationList section */
	};
	rootObject = 6FB795ED2851F306008891A8 /* Project object */;
}
